
Microsoft Visual Studio Solution File, Format Version 12.00
# Visual Studio Version 17
VisualStudioVersion = 17.10.35004.147
MinimumVisualStudioVersion = 10.0.40219.1
Project("{FAE04EC0-301F-11D3-BF4B-00C04F79EFBC}") = "RagAgentLinebot", "RagAgentLinebot.csproj", "{A8221C80-C6EF-4B3B-92E1-74B34A119CDD}"
EndProject
Global
	GlobalSection(SolutionConfigurationPlatforms) = preSolution
		Debug|Any CPU = Debug|Any CPU
		Release|Any CPU = Release|Any CPU
	EndGlobalSection
	GlobalSection(ProjectConfigurationPlatforms) = postSolution
		{A8221C80-C6EF-4B3B-92E1-74B34A119CDD}.Debug|Any CPU.ActiveCfg = Debug|Any CPU
		{A8221C80-C6EF-4B3B-92E1-74B34A119CDD}.Debug|Any CPU.Build.0 = Debug|Any CPU
		{A8221C80-C6EF-4B3B-92E1-74B34A119CDD}.Release|Any CPU.ActiveCfg = Release|Any CPU
		{A8221C80-C6EF-4B3B-92E1-74B34A119CDD}.Release|Any CPU.Build.0 = Release|Any CPU
	EndGlobalSection
	GlobalSection(SolutionProperties) = preSolution
		HideSolutionNode = FALSE
	EndGlobalSection
	GlobalSection(ExtensibilityGlobals) = postSolution
		SolutionGuid = {A0A74144-87BA-4C41-AFA7-670325B28D62}
	EndGlobalSection
EndGlobal
